
Microsoft Visual Studio Solution File, Format Version 12.00
Project("{FAE04EC0-301F-11D3-BF4B-00C04F79EFBC}") = "ClientPlugin", "ClientPlugin\ClientPlugin.csproj", "{FE4B5355-3CA3-41CD-B7DE-4DA5AB1B5228}"
EndProject
Global
	GlobalSection(SolutionConfigurationPlatforms) = preSolution
		Debug|Any CPU = Debug|Any CPU
		Release|Any CPU = Release|Any CPU
	EndGlobalSection
	GlobalSection(ProjectConfigurationPlatforms) = postSolution
		{FE4B5355-3CA3-41CD-B7DE-4DA5AB1B5228}.Debug|Any CPU.ActiveCfg = Debug|Any CPU
		{FE4B5355-3CA3-41CD-B7DE-4DA5AB1B5228}.Debug|Any CPU.Build.0 = Debug|Any CPU
		{FE4B5355-3CA3-41CD-B7DE-4DA5AB1B5228}.Release|Any CPU.ActiveCfg = Release|Any CPU
		{FE4B5355-3CA3-41CD-B7DE-4DA5AB1B5228}.Release|Any CPU.Build.0 = Release|Any CPU
	EndGlobalSection
EndGlobal
